PackratFormat: 1.4
PackratVersion: 0.4.0.1
RVersion: 3.1.1
Repos: CRAN=http://cran.rstudio.com

Package: packrat
Source: github
Version: 0.4.0.1
GithubRepo: packrat
GithubUsername: rstudio
GithubRef: master
GithubSha1: 52e58a71fccd58fb9dc00d3855948acfa4d0c070
Hash: 52e58a71fccd58fb9dc00d3855948acfa4d0c070
