PackratFormat: 1.4
PackratVersion: 0.4.0.1
RVersion: 3.1.1
Repos: CRAN=http://cran.rstudio.com

Package: assertthat
Source: CRAN
Version: 0.1

Package: colorspace
Source: CRAN
Version: 1.2-4

Package: dichromat
Source: CRAN
Version: 2.0-0

Package: digest
Source: CRAN
Version: 0.6.4
Hash: e4bf0e79b15a352510aff0de905d31e2

Package: dplyr
Source: CRAN
Version: 0.2
Requires: assertthat, hflights, Lahman, magrittr, Rcpp

Package: ggplot2
Source: CRAN
Version: 1.0.0
Requires: digest, gtable, MASS, plyr, proto, reshape2, scales

Package: gtable
Source: CRAN
Version: 0.1.2

Package: hflights
Source: CRAN
Version: 0.1

Package: labeling
Source: CRAN
Version: 0.2

Package: Lahman
Source: CRAN
Version: 2.0-3

Package: lattice
Source: CRAN
Version: 0.20-29
Hash: 17e9fe582d11197544a5ec817a80b21e

Package: magrittr
Source: CRAN
Version: 1.0.1

Package: MASS
Source: CRAN
Version: 7.3-33
Hash: a39763fb1980843f13616be87e879ac9

Package: munsell
Source: CRAN
Version: 0.4.2
Requires: colorspace

Package: nlme
Source: CRAN
Version: 3.1-117
Requires: lattice
Hash: 2c835a1c4e1e0b48e614a8a4691a5ce3

Package: packrat
Source: github
Version: 0.4.0.1
Hash: 52e58a71fccd58fb9dc00d3855948acfa4d0c070
GithubRepo: packrat
GithubUsername: rstudio
GithubRef: master
GithubSha1: 52e58a71fccd58fb9dc00d3855948acfa4d0c070

Package: plyr
Source: CRAN
Version: 1.8.1
Requires: Rcpp

Package: proto
Source: CRAN
Version: 0.3-10

Package: RColorBrewer
Source: CRAN
Version: 1.0-5

Package: Rcpp
Source: CRAN
Version: 0.11.2
Hash: ef2b1a5e45d1461bd720e4ebbe48e601

Package: reshape2
Source: CRAN
Version: 1.4
Requires: plyr, Rcpp, stringr

Package: scales
Source: CRAN
Version: 0.2.4
Requires: dichromat, labeling, munsell, plyr, RColorBrewer

Package: stringr
Source: CRAN
Version: 0.6.2
Hash: cdde0cfa0f52cffeaca23a11a3899779
